
Microsoft Visual Studio Solution File, Format Version 11.00
# Visual Studio 2010
Project("{2857B73E-F847-4B02-9238-064979017E93}") = "file_client", "file_client\file_client.cproj", "{147AA02D-BF88-44A4-85C7-4702CC00A3DD}"
EndProject
Project("{2857B73E-F847-4B02-9238-064979017E93}") = "LIB", "LIB\LIB.cproj", "{8CBF5578-0647-4AD2-A8DD-1F2AEC0A845D}"
EndProject
Project("{2857B73E-F847-4B02-9238-064979017E93}") = "file_server", "file_server\file_server.cproj", "{084EDA61-0347-45BB-8156-C19DBB279209}"
EndProject
Global
	GlobalSection(SolutionConfigurationPlatforms) = preSolution
		Debug|Any CPU = Debug|Any CPU
		Release|Any CPU = Release|Any CPU
	EndGlobalSection
	GlobalSection(ProjectConfigurationPlatforms) = postSolution
		{084EDA61-0347-45BB-8156-C19DBB279209}.Debug|Any CPU.ActiveCfg = Debug|Any CPU
		{084EDA61-0347-45BB-8156-C19DBB279209}.Debug|Any CPU.Build.0 = Debug|Any CPU
		{084EDA61-0347-45BB-8156-C19DBB279209}.Release|Any CPU.ActiveCfg = Release|Any CPU
		{084EDA61-0347-45BB-8156-C19DBB279209}.Release|Any CPU.Build.0 = Release|Any CPU
		{147AA02D-BF88-44A4-85C7-4702CC00A3DD}.Debug|Any CPU.ActiveCfg = Debug|Any CPU
		{147AA02D-BF88-44A4-85C7-4702CC00A3DD}.Debug|Any CPU.Build.0 = Debug|Any CPU
		{147AA02D-BF88-44A4-85C7-4702CC00A3DD}.Release|Any CPU.ActiveCfg = Release|Any CPU
		{147AA02D-BF88-44A4-85C7-4702CC00A3DD}.Release|Any CPU.Build.0 = Release|Any CPU
		{8CBF5578-0647-4AD2-A8DD-1F2AEC0A845D}.Debug|Any CPU.ActiveCfg = Debug|Any CPU
		{8CBF5578-0647-4AD2-A8DD-1F2AEC0A845D}.Debug|Any CPU.Build.0 = Debug|Any CPU
		{8CBF5578-0647-4AD2-A8DD-1F2AEC0A845D}.Release|Any CPU.ActiveCfg = Release|Any CPU
		{8CBF5578-0647-4AD2-A8DD-1F2AEC0A845D}.Release|Any CPU.Build.0 = Release|Any CPU
	EndGlobalSection
	GlobalSection(MonoDevelopProperties) = preSolution
		StartupItem = file_server\file_server.cproj
	EndGlobalSection
EndGlobal
